// !$*UTF8*$!
{
	archiveVersion = 1;
	classes = {
	};
	objectVersion = 50;
	objects = {

/* Begin PBXBuildFile section */
		BB2E5F962255E4640008F314 /* LoginModel.swift in Sources */ = {isa = PBXBuildFile; fileRef = BB2E5F952255E4640008F314 /* LoginModel.swift */; };
		BB2E5F982255F0840008F314 /* RegisterVC.swift in Sources */ = {isa = PBXBuildFile; fileRef = BB2E5F972255F0840008F314 /* RegisterVC.swift */; };
		BB2E5F9A2255F6FE0008F314 /* UIButton+Extension.swift in Sources */ = {isa = PBXBuildFile; fileRef = BB2E5F992255F6FE0008F314 /* UIButton+Extension.swift */; };
		BB2E5F9D2255FC710008F314 /* icon_register_protocol.svg in Resources */ = {isa = PBXBuildFile; fileRef = BB2E5F9C2255FC710008F314 /* icon_register_protocol.svg */; };
		BB2E5F9F2259D0690008F314 /* UserProtocolVC.swift in Sources */ = {isa = PBXBuildFile; fileRef = BB2E5F9E2259D0690008F314 /* UserProtocolVC.swift */; };
		BB2E5FA12259D1190008F314 /* FindPasswordVC.swift in Sources */ = {isa = PBXBuildFile; fileRef = BB2E5FA02259D1190008F314 /* FindPasswordVC.swift */; };
		BB2E5FA32259D4900008F314 /* ResetPasswordVC.swift in Sources */ = {isa = PBXBuildFile; fileRef = BB2E5FA22259D4900008F314 /* ResetPasswordVC.swift */; };
		BB2E5FA52259E97E0008F314 /* HomeListHeaderView.swift in Sources */ = {isa = PBXBuildFile; fileRef = BB2E5FA42259E97E0008F314 /* HomeListHeaderView.swift */; };
		BB2E5FA8225AE0740008F314 /* SwipeMenuView.swift in Sources */ = {isa = PBXBuildFile; fileRef = BB2E5FA7225AE0740008F314 /* SwipeMenuView.swift */; };
		BB2E5FAA225B411B0008F314 /* HomeModel.swift in Sources */ = {isa = PBXBuildFile; fileRef = BB2E5FA9225B411B0008F314 /* HomeModel.swift */; };
		BB2E5FAC225C4BE70008F314 /* HomeUserRulesVC.swift in Sources */ = {isa = PBXBuildFile; fileRef = BB2E5FAB225C4BE70008F314 /* HomeUserRulesVC.swift */; };
		BB2E5FAE225C767D0008F314 /* RechargeAlertView.swift in Sources */ = {isa = PBXBuildFile; fileRef = BB2E5FAD225C767D0008F314 /* RechargeAlertView.swift */; };
		BBC552A1225CA94600F2D515 /* UserInfoModel.swift in Sources */ = {isa = PBXBuildFile; fileRef = BBC552A0225CA94600F2D515 /* UserInfoModel.swift */; };
		BBC552A3225CAA8600F2D515 /* UserInfoManager.swift in Sources */ = {isa = PBXBuildFile; fileRef = BBC552A2225CAA8600F2D515 /* UserInfoManager.swift */; };
		BBC552A5225CB5A200F2D515 /* HomeConvertVC.swift in Sources */ = {isa = PBXBuildFile; fileRef = BBC552A4225CB5A200F2D515 /* HomeConvertVC.swift */; };
		BBC552A7225CB62C00F2D515 /* HomeRedenvelopeVC.swift in Sources */ = {isa = PBXBuildFile; fileRef = BBC552A6225CB62C00F2D515 /* HomeRedenvelopeVC.swift */; };
		BBC552A9225CB6AF00F2D515 /* HomeInviteVC.swift in Sources */ = {isa = PBXBuildFile; fileRef = BBC552A8225CB6AF00F2D515 /* HomeInviteVC.swift */; };
		BBD71AD12254837500B3EB8B /* Main.storyboard in Resources */ = {isa = PBXBuildFile; fileRef = BBD71ACF2254837500B3EB8B /* Main.storyboard */; };
		BBD71AD32254838400B3EB8B /* Assets.xcassets in Resources */ = {isa = PBXBuildFile; fileRef = BBD71AD22254838400B3EB8B /* Assets.xcassets */; };
		BBD71AD62254838400B3EB8B /* LaunchScreen.storyboard in Resources */ = {isa = PBXBuildFile; fileRef = BBD71AD42254838400B3EB8B /* LaunchScreen.storyboard */; };
		BBD71AE12254838400B3EB8B /* NewAppTests.swift in Sources */ = {isa = PBXBuildFile; fileRef = BBD71AE02254838400B3EB8B /* NewAppTests.swift */; };
		BBD71AEC2254838400B3EB8B /* NewAppUITests.swift in Sources */ = {isa = PBXBuildFile; fileRef = BBD71AEB2254838400B3EB8B /* NewAppUITests.swift */; };
		BBD71B03225491D700B3EB8B /* BaseTabbar.swift in Sources */ = {isa = PBXBuildFile; fileRef = BBD71AFD225491D700B3EB8B /* BaseTabbar.swift */; };
		BBD71B04225491D700B3EB8B /* BaseControllers.swift in Sources */ = {isa = PBXBuildFile; fileRef = BBD71AFE225491D700B3EB8B /* BaseControllers.swift */; };
		BBD71B05225491D700B3EB8B /* AppDelegate+Extension.swift in Sources */ = {isa = PBXBuildFile; fileRef = BBD71B00225491D700B3EB8B /* AppDelegate+Extension.swift */; };
		BBD71B06225491D700B3EB8B /* TabbarInfo.plist in Resources */ = {isa = PBXBuildFile; fileRef = BBD71B01225491D700B3EB8B /* TabbarInfo.plist */; };
		BBD71B07225491D700B3EB8B /* AppDelegate.swift in Sources */ = {isa = PBXBuildFile; fileRef = BBD71B02225491D700B3EB8B /* AppDelegate.swift */; };
		BBD71B172254933000B3EB8B /* UIFont+Extension.swift in Sources */ = {isa = PBXBuildFile; fileRef = BBD71B0A2254933000B3EB8B /* UIFont+Extension.swift */; };
		BBD71B182254933000B3EB8B /* UIView+Extension.swift in Sources */ = {isa = PBXBuildFile; fileRef = BBD71B0B2254933000B3EB8B /* UIView+Extension.swift */; };
		BBD71B192254933000B3EB8B /* Foundation+Extension.swift in Sources */ = {isa = PBXBuildFile; fileRef = BBD71B0C2254933000B3EB8B /* Foundation+Extension.swift */; };
		BBD71B1A2254933000B3EB8B /* CustomUI.swift in Sources */ = {isa = PBXBuildFile; fileRef = BBD71B0D2254933000B3EB8B /* CustomUI.swift */; };
		BBD71B1B2254933000B3EB8B /* NetWorkManager.swift in Sources */ = {isa = PBXBuildFile; fileRef = BBD71B0F2254933000B3EB8B /* NetWorkManager.swift */; };
		BBD71B1C2254933000B3EB8B /* ConstantDefine.swift in Sources */ = {isa = PBXBuildFile; fileRef = BBD71B102254933000B3EB8B /* ConstantDefine.swift */; };
		BBD71B1D2254933000B3EB8B /* CustomAlertVC.swift in Sources */ = {isa = PBXBuildFile; fileRef = BBD71B112254933000B3EB8B /* CustomAlertVC.swift */; };
		BBD71B1F22549D6800B3EB8B /* NetWork.swift in Sources */ = {isa = PBXBuildFile; fileRef = BBD71B1E22549D6800B3EB8B /* NetWork.swift */; };
		BBD71B2D2254B7CB00B3EB8B /* HomeMainVC.swift in Sources */ = {isa = PBXBuildFile; fileRef = BBD71B2C2254B7CB00B3EB8B /* HomeMainVC.swift */; };
		BBD71B2F2254B7DD00B3EB8B /* UserMainVC.swift in Sources */ = {isa = PBXBuildFile; fileRef = BBD71B2E2254B7DD00B3EB8B /* UserMainVC.swift */; };
		BBD71B312254B7FA00B3EB8B /* ResultMainVC.swift in Sources */ = {isa = PBXBuildFile; fileRef = BBD71B302254B7FA00B3EB8B /* ResultMainVC.swift */; };
		BBD71B392254B84500B3EB8B /* BoardMainVC.swift in Sources */ = {isa = PBXBuildFile; fileRef = BBD71B362254B84500B3EB8B /* BoardMainVC.swift */; };
		BBD71B3C2254C2AB00B3EB8B /* UIImage+Extension.swift in Sources */ = {isa = PBXBuildFile; fileRef = BBD71B3B2254C2AB00B3EB8B /* UIImage+Extension.swift */; };
		BBD71B4A2255915B00B3EB8B /* 我的fill.svg in Resources */ = {isa = PBXBuildFile; fileRef = BBD71B422255915B00B3EB8B /* 我的fill.svg */; };
		BBD71B4B2255915B00B3EB8B /* 开奖.svg in Resources */ = {isa = PBXBuildFile; fileRef = BBD71B432255915B00B3EB8B /* 开奖.svg */; };
		BBD71B4C2255915B00B3EB8B /* 开奖fill.svg in Resources */ = {isa = PBXBuildFile; fileRef = BBD71B442255915B00B3EB8B /* 开奖fill.svg */; };
		BBD71B4D2255915B00B3EB8B /* 首页fill.svg in Resources */ = {isa = PBXBuildFile; fileRef = BBD71B452255915B00B3EB8B /* 首页fill.svg */; };
		BBD71B4E2255915B00B3EB8B /* 风云榜.svg in Resources */ = {isa = PBXBuildFile; fileRef = BBD71B462255915B00B3EB8B /* 风云榜.svg */; };
		BBD71B4F2255915B00B3EB8B /* 我的.svg in Resources */ = {isa = PBXBuildFile; fileRef = BBD71B472255915B00B3EB8B /* 我的.svg */; };
		BBD71B502255915B00B3EB8B /* 首页.svg in Resources */ = {isa = PBXBuildFile; fileRef = BBD71B482255915B00B3EB8B /* 首页.svg */; };
		BBD71B512255915B00B3EB8B /* 风云榜fill.svg in Resources */ = {isa = PBXBuildFile; fileRef = BBD71B492255915B00B3EB8B /* 风云榜fill.svg */; };
		BBD71B5A22559F0500B3EB8B /* LoginMainVC.swift in Sources */ = {isa = PBXBuildFile; fileRef = BBD71B5822559F0500B3EB8B /* LoginMainVC.swift */; };
		BBD71B5B22559F0500B3EB8B /* LoginMainVC.xib in Resources */ = {isa = PBXBuildFile; fileRef = BBD71B5922559F0500B3EB8B /* LoginMainVC.xib */; };
		BBD71B5D2255B78400B3EB8B /* 关闭.svg in Resources */ = {isa = PBXBuildFile; fileRef = BBD71B5C2255B78400B3EB8B /* 关闭.svg */; };
		E976FD75FC34D90FD39D3BE9 /* Pods_NewApp.framework in Frameworks */ = {isa = PBXBuildFile; fileRef = 4A0B2380D83DE08C924B5F46 /* Pods_NewApp.framework */; };
/* End PBXBuildFile section */

/* Begin PBXContainerItemProxy section */
		BBD71ADD2254838400B3EB8B /* PBXContainerItemProxy */ = {
			isa = PBXContainerItemProxy;
			containerPortal = BBD71AC02254837400B3EB8B /* Project object */;
			proxyType = 1;
			remoteGlobalIDString = BBD71AC72254837400B3EB8B;
			remoteInfo = NewApp;
		};
		BBD71AE82254838400B3EB8B /* PBXContainerItemProxy */ = {
			isa = PBXContainerItemProxy;
			containerPortal = BBD71AC02254837400B3EB8B /* Project object */;
			proxyType = 1;
			remoteGlobalIDString = BBD71AC72254837400B3EB8B;
			remoteInfo = NewApp;
		};
/* End PBXContainerItemProxy section */

/* Begin PBXFileReference section */
		4A0B2380D83DE08C924B5F46 /* Pods_NewApp.framework */ = {isa = PBXFileReference; explicitFileType = wrapper.framework; includeInIndex = 0; path = Pods_NewApp.framework; sourceTree = BUILT_PRODUCTS_DIR; };
		BB2E5F952255E4640008F314 /* LoginModel.swift */ = {isa = PBXFileReference; lastKnownFileType = sourcecode.swift; path = LoginModel.swift; sourceTree = "<group>"; };
		BB2E5F972255F0840008F314 /* RegisterVC.swift */ = {isa = PBXFileReference; lastKnownFileType = sourcecode.swift; path = RegisterVC.swift; sourceTree = "<group>"; };
		BB2E5F992255F6FE0008F314 /* UIButton+Extension.swift */ = {isa = PBXFileReference; lastKnownFileType = sourcecode.swift; path = "UIButton+Extension.swift"; sourceTree = "<group>"; };
		BB2E5F9C2255FC710008F314 /* icon_register_protocol.svg */ = {isa = PBXFileReference; fileEncoding = 4; lastKnownFileType = text.xml; path = icon_register_protocol.svg; sourceTree = "<group>"; };
		BB2E5F9E2259D0690008F314 /* UserProtocolVC.swift */ = {isa = PBXFileReference; lastKnownFileType = sourcecode.swift; path = UserProtocolVC.swift; sourceTree = "<group>"; };
		BB2E5FA02259D1190008F314 /* FindPasswordVC.swift */ = {isa = PBXFileReference; lastKnownFileType = sourcecode.swift; path = FindPasswordVC.swift; sourceTree = "<group>"; };
		BB2E5FA22259D4900008F314 /* ResetPasswordVC.swift */ = {isa = PBXFileReference; lastKnownFileType = sourcecode.swift; path = ResetPasswordVC.swift; sourceTree = "<group>"; };
		BB2E5FA42259E97E0008F314 /* HomeListHeaderView.swift */ = {isa = PBXFileReference; lastKnownFileType = sourcecode.swift; path = HomeListHeaderView.swift; sourceTree = "<group>"; };
		BB2E5FA7225AE0740008F314 /* SwipeMenuView.swift */ = {isa = PBXFileReference; fileEncoding = 4; lastKnownFileType = sourcecode.swift; path = SwipeMenuView.swift; sourceTree = "<group>"; };
		BB2E5FA9225B411B0008F314 /* HomeModel.swift */ = {isa = PBXFileReference; lastKnownFileType = sourcecode.swift; path = HomeModel.swift; sourceTree = "<group>"; };
		BB2E5FAB225C4BE70008F314 /* HomeUserRulesVC.swift */ = {isa = PBXFileReference; lastKnownFileType = sourcecode.swift; path = HomeUserRulesVC.swift; sourceTree = "<group>"; };
		BB2E5FAD225C767D0008F314 /* RechargeAlertView.swift */ = {isa = PBXFileReference; lastKnownFileType = sourcecode.swift; path = RechargeAlertView.swift; sourceTree = "<group>"; };
		BBC552A0225CA94600F2D515 /* UserInfoModel.swift */ = {isa = PBXFileReference; lastKnownFileType = sourcecode.swift; path = UserInfoModel.swift; sourceTree = "<group>"; };
		BBC552A2225CAA8600F2D515 /* UserInfoManager.swift */ = {isa = PBXFileReference; lastKnownFileType = sourcecode.swift; path = UserInfoManager.swift; sourceTree = "<group>"; };
		BBC552A4225CB5A200F2D515 /* HomeConvertVC.swift */ = {isa = PBXFileReference; lastKnownFileType = sourcecode.swift; path = HomeConvertVC.swift; sourceTree = "<group>"; };
		BBC552A6225CB62C00F2D515 /* HomeRedenvelopeVC.swift */ = {isa = PBXFileReference; lastKnownFileType = sourcecode.swift; path = HomeRedenvelopeVC.swift; sourceTree = "<group>"; };
		BBC552A8225CB6AF00F2D515 /* HomeInviteVC.swift */ = {isa = PBXFileReference; lastKnownFileType = sourcecode.swift; path = HomeInviteVC.swift; sourceTree = "<group>"; };
		BBD71AC82254837400B3EB8B /* NewApp.app */ = {isa = PBXFileReference; explicitFileType = wrapper.application; includeInIndex = 0; path = NewApp.app; sourceTree = BUILT_PRODUCTS_DIR; };
		BBD71AD02254837500B3EB8B /* Base */ = {isa = PBXFileReference; lastKnownFileType = file.storyboard; name = Base; path = Base.lproj/Main.storyboard; sourceTree = "<group>"; };
		BBD71AD22254838400B3EB8B /* Assets.xcassets */ = {isa = PBXFileReference; lastKnownFileType = folder.assetcatalog; path = Assets.xcassets; sourceTree = "<group>"; };
		BBD71AD52254838400B3EB8B /* Base */ = {isa = PBXFileReference; lastKnownFileType = file.storyboard; name = Base; path = Base.lproj/LaunchScreen.storyboard; sourceTree = "<group>"; };
		BBD71AD72254838400B3EB8B /* Info.plist */ = {isa = PBXFileReference; lastKnownFileType = text.plist.xml; path = Info.plist; sourceTree = "<group>"; };
		BBD71ADC2254838400B3EB8B /* NewAppTests.xctest */ = {isa = PBXFileReference; explicitFileType = wrapper.cfbundle; includeInIndex = 0; path = NewAppTests.xctest; sourceTree = BUILT_PRODUCTS_DIR; };
		BBD71AE02254838400B3EB8B /* NewAppTests.swift */ = {isa = PBXFileReference; lastKnownFileType = sourcecode.swift; path = NewAppTests.swift; sourceTree = "<group>"; };
		BBD71AE22254838400B3EB8B /* Info.plist */ = {isa = PBXFileReference; lastKnownFileType = text.plist.xml; path = Info.plist; sourceTree = "<group>"; };
		BBD71AE72254838400B3EB8B /* NewAppUITests.xctest */ = {isa = PBXFileReference; explicitFileType = wrapper.cfbundle; includeInIndex = 0; path = NewAppUITests.xctest; sourceTree = BUILT_PRODUCTS_DIR; };
		BBD71AEB2254838400B3EB8B /* NewAppUITests.swift */ = {isa = PBXFileReference; lastKnownFileType = sourcecode.swift; path = NewAppUITests.swift; sourceTree = "<group>"; };
		BBD71AED2254838400B3EB8B /* Info.plist */ = {isa = PBXFileReference; lastKnownFileType = text.plist.xml; path = Info.plist; sourceTree = "<group>"; };
		BBD71AFD225491D700B3EB8B /* BaseTabbar.swift */ = {isa = PBXFileReference; fileEncoding = 4; lastKnownFileType = sourcecode.swift; path = BaseTabbar.swift; sourceTree = "<group>"; };
		BBD71AFE225491D700B3EB8B /* BaseControllers.swift */ = {isa = PBXFileReference; fileEncoding = 4; lastKnownFileType = sourcecode.swift; path = BaseControllers.swift; sourceTree = "<group>"; };
		BBD71B00225491D700B3EB8B /* AppDelegate+Extension.swift */ = {isa = PBXFileReference; fileEncoding = 4; lastKnownFileType = sourcecode.swift; path = "AppDelegate+Extension.swift"; sourceTree = "<group>"; };
		BBD71B01225491D700B3EB8B /* TabbarInfo.plist */ = {isa = PBXFileReference; fileEncoding = 4; lastKnownFileType = text.plist.xml; path = TabbarInfo.plist; sourceTree = "<group>"; };
		BBD71B02225491D700B3EB8B /* AppDelegate.swift */ = {isa = PBXFileReference; fileEncoding = 4; lastKnownFileType = sourcecode.swift; path = AppDelegate.swift; sourceTree = "<group>"; };
		BBD71B0A2254933000B3EB8B /* UIFont+Extension.swift */ = {isa = PBXFileReference; fileEncoding = 4; lastKnownFileType = sourcecode.swift; path = "UIFont+Extension.swift"; sourceTree = "<group>"; };
		BBD71B0B2254933000B3EB8B /* UIView+Extension.swift */ = {isa = PBXFileReference; fileEncoding = 4; lastKnownFileType = sourcecode.swift; path = "UIView+Extension.swift"; sourceTree = "<group>"; };
		BBD71B0C2254933000B3EB8B /* Foundation+Extension.swift */ = {isa = PBXFileReference; fileEncoding = 4; lastKnownFileType = sourcecode.swift; path = "Foundation+Extension.swift"; sourceTree = "<group>"; };
		BBD71B0D2254933000B3EB8B /* CustomUI.swift */ = {isa = PBXFileReference; fileEncoding = 4; lastKnownFileType = sourcecode.swift; path = CustomUI.swift; sourceTree = "<group>"; };
		BBD71B0F2254933000B3EB8B /* NetWorkManager.swift */ = {isa = PBXFileReference; fileEncoding = 4; lastKnownFileType = sourcecode.swift; path = NetWorkManager.swift; sourceTree = "<group>"; };
		BBD71B102254933000B3EB8B /* ConstantDefine.swift */ = {isa = PBXFileReference; fileEncoding = 4; lastKnownFileType = sourcecode.swift; path = ConstantDefine.swift; sourceTree = "<group>"; };
		BBD71B112254933000B3EB8B /* CustomAlertVC.swift */ = {isa = PBXFileReference; fileEncoding = 4; lastKnownFileType = sourcecode.swift; path = CustomAlertVC.swift; sourceTree = "<group>"; };
		BBD71B1E22549D6800B3EB8B /* NetWork.swift */ = {isa = PBXFileReference; lastKnownFileType = sourcecode.swift; path = NetWork.swift; sourceTree = "<group>"; };
		BBD71B2C2254B7CB00B3EB8B /* HomeMainVC.swift */ = {isa = PBXFileReference; lastKnownFileType = sourcecode.swift; path = HomeMainVC.swift; sourceTree = "<group>"; };
		BBD71B2E2254B7DD00B3EB8B /* UserMainVC.swift */ = {isa = PBXFileReference; lastKnownFileType = sourcecode.swift; path = UserMainVC.swift; sourceTree = "<group>"; };
		BBD71B302254B7FA00B3EB8B /* ResultMainVC.swift */ = {isa = PBXFileReference; lastKnownFileType = sourcecode.swift; path = ResultMainVC.swift; sourceTree = "<group>"; };
		BBD71B362254B84500B3EB8B /* BoardMainVC.swift */ = {isa = PBXFileReference; fileEncoding = 4; lastKnownFileType = sourcecode.swift; path = BoardMainVC.swift; sourceTree = "<group>"; };
		BBD71B3B2254C2AB00B3EB8B /* UIImage+Extension.swift */ = {isa = PBXFileReference; lastKnownFileType = sourcecode.swift; path = "UIImage+Extension.swift"; sourceTree = "<group>"; };
		BBD71B3D2254C3B200B3EB8B /* NewApp_Header_Bridge.h */ = {isa = PBXFileReference; lastKnownFileType = sourcecode.c.h; path = NewApp_Header_Bridge.h; sourceTree = "<group>"; };
		BBD71B422255915B00B3EB8B /* 我的fill.svg */ = {isa = PBXFileReference; fileEncoding = 4; lastKnownFileType = text.xml; path = "我的fill.svg"; sourceTree = "<group>"; };
		BBD71B432255915B00B3EB8B /* 开奖.svg */ = {isa = PBXFileReference; fileEncoding = 4; lastKnownFileType = text.xml; path = "开奖.svg"; sourceTree = "<group>"; };
		BBD71B442255915B00B3EB8B /* 开奖fill.svg */ = {isa = PBXFileReference; fileEncoding = 4; lastKnownFileType = text.xml; path = "开奖fill.svg"; sourceTree = "<group>"; };
		BBD71B452255915B00B3EB8B /* 首页fill.svg */ = {isa = PBXFileReference; fileEncoding = 4; lastKnownFileType = text.xml; path = "首页fill.svg"; sourceTree = "<group>"; };
		BBD71B462255915B00B3EB8B /* 风云榜.svg */ = {isa = PBXFileReference; fileEncoding = 4; lastKnownFileType = text.xml; path = "风云榜.svg"; sourceTree = "<group>"; };
		BBD71B472255915B00B3EB8B /* 我的.svg */ = {isa = PBXFileReference; fileEncoding = 4; lastKnownFileType = text.xml; path = "我的.svg"; sourceTree = "<group>"; };
		BBD71B482255915B00B3EB8B /* 首页.svg */ = {isa = PBXFileReference; fileEncoding = 4; lastKnownFileType = text.xml; path = "首页.svg"; sourceTree = "<group>"; };
		BBD71B492255915B00B3EB8B /* 风云榜fill.svg */ = {isa = PBXFileReference; fileEncoding = 4; lastKnownFileType = text.xml; path = "风云榜fill.svg"; sourceTree = "<group>"; };
		BBD71B5822559F0500B3EB8B /* LoginMainVC.swift */ = {isa = PBXFileReference; lastKnownFileType = sourcecode.swift; path = LoginMainVC.swift; sourceTree = "<group>"; };
		BBD71B5922559F0500B3EB8B /* LoginMainVC.xib */ = {isa = PBXFileReference; lastKnownFileType = file.xib; path = LoginMainVC.xib; sourceTree = "<group>"; };
		BBD71B5C2255B78400B3EB8B /* 关闭.svg */ = {isa = PBXFileReference; fileEncoding = 4; lastKnownFileType = text.xml; path = "关闭.svg"; sourceTree = "<group>"; };
		D9969C6CA737C1451B39072C /* Pods-NewApp.release.xcconfig */ = {isa = PBXFileReference; includeInIndex = 1; lastKnownFileType = text.xcconfig; name = "Pods-NewApp.release.xcconfig"; path = "Pods/Target Support Files/Pods-NewApp/Pods-NewApp.release.xcconfig"; sourceTree = "<group>"; };
		E417648B3D8853FB2D3F2ED9 /* Pods-NewApp.debug.xcconfig */ = {isa = PBXFileReference; includeInIndex = 1; lastKnownFileType = text.xcconfig; name = "Pods-NewApp.debug.xcconfig"; path = "Pods/Target Support Files/Pods-NewApp/Pods-NewApp.debug.xcconfig"; sourceTree = "<group>"; };
/* End PBXFileReference section */

/* Begin PBXFrameworksBuildPhase section */
		BBD71AC52254837400B3EB8B /* Frameworks */ = {
			isa = PBXFrameworksBuildPhase;
			buildActionMask = 2147483647;
			files = (
				E976FD75FC34D90FD39D3BE9 /* Pods_NewApp.framework in Frameworks */,
			);
			runOnlyForDeploymentPostprocessing = 0;
		};
		BBD71AD92254838400B3EB8B /* Frameworks */ = {
			isa = PBXFrameworksBuildPhase;
			buildActionMask = 2147483647;
			files = (
			);
			runOnlyForDeploymentPostprocessing = 0;
		};
		BBD71AE42254838400B3EB8B /* Frameworks */ = {
			isa = PBXFrameworksBuildPhase;
			buildActionMask = 2147483647;
			files = (
			);
			runOnlyForDeploymentPostprocessing = 0;
		};
/* End PBXFrameworksBuildPhase section */

/* Begin PBXGroup section */
		4E7667DFAECD94C4118A05B7 /* Frameworks */ = {
			isa = PBXGroup;
			children = (
				4A0B2380D83DE08C924B5F46 /* Pods_NewApp.framework */,
			);
			name = Frameworks;
			sourceTree = "<group>";
		};
		61471822E03DCA84E5A50BDD /* Pods */ = {
			isa = PBXGroup;
			children = (
				E417648B3D8853FB2D3F2ED9 /* Pods-NewApp.debug.xcconfig */,
				D9969C6CA737C1451B39072C /* Pods-NewApp.release.xcconfig */,
			);
			name = Pods;
			sourceTree = "<group>";
		};
		BB2E5F9B2255FC710008F314 /* 我的 */ = {
			isa = PBXGroup;
			children = (
				BB2E5F9C2255FC710008F314 /* icon_register_protocol.svg */,
			);
			path = "我的";
			sourceTree = "<group>";
		};
		BB2E5FA6225AE0500008F314 /* CustomUI */ = {
			isa = PBXGroup;
			children = (
				BBD71B0D2254933000B3EB8B /* CustomUI.swift */,
				BB2E5FAD225C767D0008F314 /* RechargeAlertView.swift */,
				BBD71B112254933000B3EB8B /* CustomAlertVC.swift */,
				BB2E5FA7225AE0740008F314 /* SwipeMenuView.swift */,
			);
			path = CustomUI;
			sourceTree = "<group>";
		};
		BBD71ABF2254837400B3EB8B = {
			isa = PBXGroup;
			children = (
				BBD71ACA2254837400B3EB8B /* NewApp */,
				BBD71ADF2254838400B3EB8B /* NewAppTests */,
				BBD71AEA2254838400B3EB8B /* NewAppUITests */,
				BBD71AC92254837400B3EB8B /* Products */,
				61471822E03DCA84E5A50BDD /* Pods */,
				4E7667DFAECD94C4118A05B7 /* Frameworks */,
			);
			sourceTree = "<group>";
		};
		BBD71AC92254837400B3EB8B /* Products */ = {
			isa = PBXGroup;
			children = (
				BBD71AC82254837400B3EB8B /* NewApp.app */,
				BBD71ADC2254838400B3EB8B /* NewAppTests.xctest */,
				BBD71AE72254838400B3EB8B /* NewAppUITests.xctest */,
			);
			name = Products;
			sourceTree = "<group>";
		};
		BBD71ACA2254837400B3EB8B /* NewApp */ = {
			isa = PBXGroup;
			children = (
				BBD71B3E2254C58500B3EB8B /* Resource */,
				BBD71B122254933000B3EB8B /* Classes */,
				BBD71B082254933000B3EB8B /* Tools */,
				BBD71AFC225491D700B3EB8B /* Entrance */,
				BBD71ACF2254837500B3EB8B /* Main.storyboard */,
				BBD71AD22254838400B3EB8B /* Assets.xcassets */,
				BBD71AD42254838400B3EB8B /* LaunchScreen.storyboard */,
				BBD71AD72254838400B3EB8B /* Info.plist */,
			);
			path = NewApp;
			sourceTree = "<group>";
		};
		BBD71ADF2254838400B3EB8B /* NewAppTests */ = {
			isa = PBXGroup;
			children = (
				BBD71AE02254838400B3EB8B /* NewAppTests.swift */,
				BBD71AE22254838400B3EB8B /* Info.plist */,
			);
			path = NewAppTests;
			sourceTree = "<group>";
		};
		BBD71AEA2254838400B3EB8B /* NewAppUITests */ = {
			isa = PBXGroup;
			children = (
				BBD71AEB2254838400B3EB8B /* NewAppUITests.swift */,
				BBD71AED2254838400B3EB8B /* Info.plist */,
			);
			path = NewAppUITests;
			sourceTree = "<group>";
		};
		BBD71AFC225491D700B3EB8B /* Entrance */ = {
			isa = PBXGroup;
			children = (
				BBD71AFF225491D700B3EB8B /* Extensions */,
				BBD71AFD225491D700B3EB8B /* BaseTabbar.swift */,
				BBD71AFE225491D700B3EB8B /* BaseControllers.swift */,
				BBD71B02225491D700B3EB8B /* AppDelegate.swift */,
				BBD71B01225491D700B3EB8B /* TabbarInfo.plist */,
			);
			path = Entrance;
			sourceTree = "<group>";
		};
		BBD71AFF225491D700B3EB8B /* Extensions */ = {
			isa = PBXGroup;
			children = (
				BBD71B00225491D700B3EB8B /* AppDelegate+Extension.swift */,
			);
			path = Extensions;
			sourceTree = "<group>";
		};
		BBD71B082254933000B3EB8B /* Tools */ = {
			isa = PBXGroup;
			children = (
				BBD71B092254933000B3EB8B /* Extension */,
				BB2E5FA6225AE0500008F314 /* CustomUI */,
				BBD71B0E2254933000B3EB8B /* Network */,
				BBD71B102254933000B3EB8B /* ConstantDefine.swift */,
				BBD71B3D2254C3B200B3EB8B /* NewApp_Header_Bridge.h */,
				BBC552A2225CAA8600F2D515 /* UserInfoManager.swift */,
			);
			path = Tools;
			sourceTree = "<group>";
		};
		BBD71B092254933000B3EB8B /* Extension */ = {
			isa = PBXGroup;
			children = (
				BBD71B0A2254933000B3EB8B /* UIFont+Extension.swift */,
				BBD71B0B2254933000B3EB8B /* UIView+Extension.swift */,
				BBD71B0C2254933000B3EB8B /* Foundation+Extension.swift */,
				BBD71B3B2254C2AB00B3EB8B /* UIImage+Extension.swift */,
				BB2E5F992255F6FE0008F314 /* UIButton+Extension.swift */,
			);
			path = Extension;
			sourceTree = "<group>";
		};
		BBD71B0E2254933000B3EB8B /* Network */ = {
			isa = PBXGroup;
			children = (
				BBD71B0F2254933000B3EB8B /* NetWorkManager.swift */,
				BBD71B1E22549D6800B3EB8B /* NetWork.swift */,
			);
			path = Network;
			sourceTree = "<group>";
		};
		BBD71B122254933000B3EB8B /* Classes */ = {
			isa = PBXGroup;
			children = (
				BBD71B5222559E3C00B3EB8B /* Login */,
				BBD71B342254B84500B3EB8B /* Board */,
				BBD71B242254B73A00B3EB8B /* Result */,
				BBD71B282254B73A00B3EB8B /* User */,
				BBD71B132254933000B3EB8B /* Home */,
			);
			path = Classes;
			sourceTree = "<group>";
		};
		BBD71B132254933000B3EB8B /* Home */ = {
			isa = PBXGroup;
			children = (
				BBD71B142254933000B3EB8B /* ViewControllers */,
				BBD71B152254933000B3EB8B /* Model */,
				BBD71B162254933000B3EB8B /* Views */,
			);
			path = Home;
			sourceTree = "<group>";
		};
		BBD71B142254933000B3EB8B /* ViewControllers */ = {
			isa = PBXGroup;
			children = (
				BBD71B2C2254B7CB00B3EB8B /* HomeMainVC.swift */,
				BB2E5FAB225C4BE70008F314 /* HomeUserRulesVC.swift */,
				BBC552A4225CB5A200F2D515 /* HomeConvertVC.swift */,
				BBC552A6225CB62C00F2D515 /* HomeRedenvelopeVC.swift */,
				BBC552A8225CB6AF00F2D515 /* HomeInviteVC.swift */,
			);
			path = ViewControllers;
			sourceTree = "<group>";
		};
		BBD71B152254933000B3EB8B /* Model */ = {
			isa = PBXGroup;
			children = (
				BB2E5FA9225B411B0008F314 /* HomeModel.swift */,
			);
			path = Model;
			sourceTree = "<group>";
		};
		BBD71B162254933000B3EB8B /* Views */ = {
			isa = PBXGroup;
			children = (
				BB2E5FA42259E97E0008F314 /* HomeListHeaderView.swift */,
			);
			path = Views;
			sourceTree = "<group>";
		};
		BBD71B242254B73A00B3EB8B /* Result */ = {
			isa = PBXGroup;
			children = (
				BBD71B252254B73A00B3EB8B /* ViewControllers */,
				BBD71B262254B73A00B3EB8B /* Model */,
				BBD71B272254B73A00B3EB8B /* Views */,
			);
			path = Result;
			sourceTree = "<group>";
		};
		BBD71B252254B73A00B3EB8B /* ViewControllers */ = {
			isa = PBXGroup;
			children = (
				BBD71B302254B7FA00B3EB8B /* ResultMainVC.swift */,
			);
			path = ViewControllers;
			sourceTree = "<group>";
		};
		BBD71B262254B73A00B3EB8B /* Model */ = {
			isa = PBXGroup;
			children = (
			);
			path = Model;
			sourceTree = "<group>";
		};
		BBD71B272254B73A00B3EB8B /* Views */ = {
			isa = PBXGroup;
			children = (
			);
			path = Views;
			sourceTree = "<group>";
		};
		BBD71B282254B73A00B3EB8B /* User */ = {
			isa = PBXGroup;
			children = (
				BBD71B292254B73A00B3EB8B /* ViewControllers */,
				BBD71B2A2254B73A00B3EB8B /* Model */,
				BBD71B2B2254B73A00B3EB8B /* Views */,
			);
			path = User;
			sourceTree = "<group>";
		};
		BBD71B292254B73A00B3EB8B /* ViewControllers */ = {
			isa = PBXGroup;
			children = (
				BBD71B2E2254B7DD00B3EB8B /* UserMainVC.swift */,
			);
			path = ViewControllers;
			sourceTree = "<group>";
		};
		BBD71B2A2254B73A00B3EB8B /* Model */ = {
			isa = PBXGroup;
			children = (
				BBC552A0225CA94600F2D515 /* UserInfoModel.swift */,
			);
			path = Model;
			sourceTree = "<group>";
		};
		BBD71B2B2254B73A00B3EB8B /* Views */ = {
			isa = PBXGroup;
			children = (
			);
			path = Views;
			sourceTree = "<group>";
		};
		BBD71B342254B84500B3EB8B /* Board */ = {
			isa = PBXGroup;
			children = (
				BBD71B352254B84500B3EB8B /* ViewControllers */,
				BBD71B372254B84500B3EB8B /* Model */,
				BBD71B382254B84500B3EB8B /* Views */,
			);
			path = Board;
			sourceTree = "<group>";
		};
		BBD71B352254B84500B3EB8B /* ViewControllers */ = {
			isa = PBXGroup;
			children = (
				BBD71B362254B84500B3EB8B /* BoardMainVC.swift */,
			);
			path = ViewControllers;
			sourceTree = "<group>";
		};
		BBD71B372254B84500B3EB8B /* Model */ = {
			isa = PBXGroup;
			children = (
			);
			path = Model;
			sourceTree = "<group>";
		};
		BBD71B382254B84500B3EB8B /* Views */ = {
			isa = PBXGroup;
			children = (
			);
			path = Views;
			sourceTree = "<group>";
		};
		BBD71B3E2254C58500B3EB8B /* Resource */ = {
			isa = PBXGroup;
			children = (
				BBD71B5C2255B78400B3EB8B /* 关闭.svg */,
				BB2E5F9B2255FC710008F314 /* 我的 */,
				BBD71B412255915B00B3EB8B /* 下导航icon */,
			);
			path = Resource;
			sourceTree = "<group>";
		};
		BBD71B412255915B00B3EB8B /* 下导航icon */ = {
			isa = PBXGroup;
			children = (
				BBD71B422255915B00B3EB8B /* 我的fill.svg */,
				BBD71B432255915B00B3EB8B /* 开奖.svg */,
				BBD71B442255915B00B3EB8B /* 开奖fill.svg */,
				BBD71B452255915B00B3EB8B /* 首页fill.svg */,
				BBD71B462255915B00B3EB8B /* 风云榜.svg */,
				BBD71B472255915B00B3EB8B /* 我的.svg */,
				BBD71B482255915B00B3EB8B /* 首页.svg */,
				BBD71B492255915B00B3EB8B /* 风云榜fill.svg */,
			);
			path = "下导航icon";
			sourceTree = "<group>";
		};
		BBD71B5222559E3C00B3EB8B /* Login */ = {
			isa = PBXGroup;
			children = (
				BBD71B5322559E3C00B3EB8B /* ViewControllers */,
				BBD71B5422559E3C00B3EB8B /* Model */,
				BBD71B5522559E3C00B3EB8B /* Views */,
			);
			path = Login;
			sourceTree = "<group>";
		};
		BBD71B5322559E3C00B3EB8B /* ViewControllers */ = {
			isa = PBXGroup;
			children = (
				BBD71B5822559F0500B3EB8B /* LoginMainVC.swift */,
				BBD71B5922559F0500B3EB8B /* LoginMainVC.xib */,
				BB2E5F972255F0840008F314 /* RegisterVC.swift */,
				BB2E5F9E2259D0690008F314 /* UserProtocolVC.swift */,
				BB2E5FA02259D1190008F314 /* FindPasswordVC.swift */,
				BB2E5FA22259D4900008F314 /* ResetPasswordVC.swift */,
			);
			path = ViewControllers;
			sourceTree = "<group>";
		};
		BBD71B5422559E3C00B3EB8B /* Model */ = {
			isa = PBXGroup;
			children = (
				BB2E5F952255E4640008F314 /* LoginModel.swift */,
			);
			path = Model;
			sourceTree = "<group>";
		};
		BBD71B5522559E3C00B3EB8B /* Views */ = {
			isa = PBXGroup;
			children = (
			);
			path = Views;
			sourceTree = "<group>";
		};
/* End PBXGroup section */

/* Begin PBXNativeTarget section */
		BBD71AC72254837400B3EB8B /* NewApp */ = {
			isa = PBXNativeTarget;
			buildConfigurationList = BBD71AF02254838400B3EB8B /* Build configuration list for PBXNativeTarget "NewApp" */;
			buildPhases = (
				190FDFC24923D3CE357A2A89 /* [CP] Check Pods Manifest.lock */,
				BBD71AC42254837400B3EB8B /* Sources */,
				BBD71AC52254837400B3EB8B /* Frameworks */,
				BBD71AC62254837400B3EB8B /* Resources */,
				E277D27127310450D2E7A1A6 /* [CP] Embed Pods Frameworks */,
			);
			buildRules = (
			);
			dependencies = (
			);
			name = NewApp;
			productName = NewApp;
			productReference = BBD71AC82254837400B3EB8B /* NewApp.app */;
			productType = "com.apple.product-type.application";
		};
		BBD71ADB2254838400B3EB8B /* NewAppTests */ = {
			isa = PBXNativeTarget;
			buildConfigurationList = BBD71AF32254838400B3EB8B /* Build configuration list for PBXNativeTarget "NewAppTests" */;
			buildPhases = (
				BBD71AD82254838400B3EB8B /* Sources */,
				BBD71AD92254838400B3EB8B /* Frameworks */,
				BBD71ADA2254838400B3EB8B /* Resources */,
			);
			buildRules = (
			);
			dependencies = (
				BBD71ADE2254838400B3EB8B /* PBXTargetDependency */,
			);
			name = NewAppTests;
			productName = NewAppTests;
			productReference = BBD71ADC2254838400B3EB8B /* NewAppTests.xctest */;
			productType = "com.apple.product-type.bundle.unit-test";
		};
		BBD71AE62254838400B3EB8B /* NewAppUITests */ = {
			isa = PBXNativeTarget;
			buildConfigurationList = BBD71AF62254838400B3EB8B /* Build configuration list for PBXNativeTarget "NewAppUITests" */;
			buildPhases = (
				BBD71AE32254838400B3EB8B /* Sources */,
				BBD71AE42254838400B3EB8B /* Frameworks */,
				BBD71AE52254838400B3EB8B /* Resources */,
			);
			buildRules = (
			);
			dependencies = (
				BBD71AE92254838400B3EB8B /* PBXTargetDependency */,
			);
			name = NewAppUITests;
			productName = NewAppUITests;
			productReference = BBD71AE72254838400B3EB8B /* NewAppUITests.xctest */;
			productType = "com.apple.product-type.bundle.ui-testing";
		};
/* End PBXNativeTarget section */

/* Begin PBXProject section */
		BBD71AC02254837400B3EB8B /* Project object */ = {
			isa = PBXProject;
			attributes = {
				LastSwiftUpdateCheck = 1000;
				LastUpgradeCheck = 1000;
				ORGANIZATIONNAME = Mac;
				TargetAttributes = {
					BBD71AC72254837400B3EB8B = {
						CreatedOnToolsVersion = 10.0;
					};
					BBD71ADB2254838400B3EB8B = {
						CreatedOnToolsVersion = 10.0;
						TestTargetID = BBD71AC72254837400B3EB8B;
					};
					BBD71AE62254838400B3EB8B = {
						CreatedOnToolsVersion = 10.0;
						TestTargetID = BBD71AC72254837400B3EB8B;
					};
				};
			};
			buildConfigurationList = BBD71AC32254837400B3EB8B /* Build configuration list for PBXProject "NewApp" */;
			compatibilityVersion = "Xcode 9.3";
			developmentRegion = en;
			hasScannedForEncodings = 0;
			knownRegions = (
				en,
				Base,
			);
			mainGroup = BBD71ABF2254837400B3EB8B;
			productRefGroup = BBD71AC92254837400B3EB8B /* Products */;
			projectDirPath = "";
			projectRoot = "";
			targets = (
				BBD71AC72254837400B3EB8B /* NewApp */,
				BBD71ADB2254838400B3EB8B /* NewAppTests */,
				BBD71AE62254838400B3EB8B /* NewAppUITests */,
			);
		};
/* End PBXProject section */

/* Begin PBXResourcesBuildPhase section */
		BBD71AC62254837400B3EB8B /* Resources */ = {
			isa = PBXResourcesBuildPhase;
			buildActionMask = 2147483647;
			files = (
				BBD71B5D2255B78400B3EB8B /* 关闭.svg in Resources */,
				BBD71AD62254838400B3EB8B /* LaunchScreen.storyboard in Resources */,
				BBD71B4A2255915B00B3EB8B /* 我的fill.svg in Resources */,
				BBD71B5B22559F0500B3EB8B /* LoginMainVC.xib in Resources */,
				BBD71B4D2255915B00B3EB8B /* 首页fill.svg in Resources */,
				BBD71B4E2255915B00B3EB8B /* 风云榜.svg in Resources */,
				BBD71B4C2255915B00B3EB8B /* 开奖fill.svg in Resources */,
				BBD71B4F2255915B00B3EB8B /* 我的.svg in Resources */,
				BBD71AD32254838400B3EB8B /* Assets.xcassets in Resources */,
				BBD71B512255915B00B3EB8B /* 风云榜fill.svg in Resources */,
				BBD71B06225491D700B3EB8B /* TabbarInfo.plist in Resources */,
				BBD71B502255915B00B3EB8B /* 首页.svg in Resources */,
				BB2E5F9D2255FC710008F314 /* icon_register_protocol.svg in Resources */,
				BBD71B4B2255915B00B3EB8B /* 开奖.svg in Resources */,
				BBD71AD12254837500B3EB8B /* Main.storyboard in Resources */,
			);
			runOnlyForDeploymentPostprocessing = 0;
		};
		BBD71ADA2254838400B3EB8B /* Resources */ = {
			isa = PBXResourcesBuildPhase;
			buildActionMask = 2147483647;
			files = (
			);
			runOnlyForDeploymentPostprocessing = 0;
		};
		BBD71AE52254838400B3EB8B /* Resources */ = {
			isa = PBXResourcesBuildPhase;
			buildActionMask = 2147483647;
			files = (
			);
			runOnlyForDeploymentPostprocessing = 0;
		};
/* End PBXResourcesBuildPhase section */

/* Begin PBXShellScriptBuildPhase section */
		190FDFC24923D3CE357A2A89 /* [CP] Check Pods Manifest.lock */ = {
			isa = PBXShellScriptBuildPhase;
			buildActionMask = 2147483647;
			files = (
			);
			inputFileListPaths = (
			);
			inputPaths = (
				"${PODS_PODFILE_DIR_PATH}/Podfile.lock",
				"${PODS_ROOT}/Manifest.lock",
			);
			name = "[CP] Check Pods Manifest.lock";
			outputFileListPaths = (
			);
			outputPaths = (
				"$(DERIVED_FILE_DIR)/Pods-NewApp-checkManifestLockResult.txt",
			);
			runOnlyForDeploymentPostprocessing = 0;
			shellPath = /bin/sh;
			shellScript = "diff \"${PODS_PODFILE_DIR_PATH}/Podfile.lock\" \"${PODS_ROOT}/Manifest.lock\" > /dev/null\nif [ $? != 0 ] ; then\n    # print error to STDERR\n    echo \"error: The sandbox is not in sync with the Podfile.lock. Run 'pod install' or update your CocoaPods installation.\" >&2\n    exit 1\nfi\n# This output is used by Xcode 'outputs' to avoid re-running this script phase.\necho \"SUCCESS\" > \"${SCRIPT_OUTPUT_FILE_0}\"\n";
			showEnvVarsInLog = 0;
		};
		E277D27127310450D2E7A1A6 /* [CP] Embed Pods Frameworks */ = {
			isa = PBXShellScriptBuildPhase;
			buildActionMask = 2147483647;
			files = (
			);
			inputFileListPaths = (
			);
			inputPaths = (
				"${SRCROOT}/Pods/Target Support Files/Pods-NewApp/Pods-NewApp-frameworks.sh",
				"${BUILT_PRODUCTS_DIR}/Alamofire/Alamofire.framework",
				"${BUILT_PRODUCTS_DIR}/CocoaLumberjack/CocoaLumberjack.framework",
				"${BUILT_PRODUCTS_DIR}/FSPagerView/FSPagerView.framework",
				"${BUILT_PRODUCTS_DIR}/IQKeyboardManager/IQKeyboardManager.framework",
				"${BUILT_PRODUCTS_DIR}/Kingfisher/Kingfisher.framework",
				"${BUILT_PRODUCTS_DIR}/MJRefresh/MJRefresh.framework",
				"${BUILT_PRODUCTS_DIR}/MZTimerLabel/MZTimerLabel.framework",
				"${BUILT_PRODUCTS_DIR}/Moya/Moya.framework",
				"${BUILT_PRODUCTS_DIR}/Result/Result.framework",
				"${BUILT_PRODUCTS_DIR}/SVGKit/SVGKit.framework",
				"${BUILT_PRODUCTS_DIR}/SVProgressHUD/SVProgressHUD.framework",
				"${BUILT_PRODUCTS_DIR}/SwiftyJSON/SwiftyJSON.framework",
			);
			name = "[CP] Embed Pods Frameworks";
			outputFileListPaths = (
			);
			outputPaths = (
				"${TARGET_BUILD_DIR}/${FRAMEWORKS_FOLDER_PATH}/Alamofire.framework",
				"${TARGET_BUILD_DIR}/${FRAMEWORKS_FOLDER_PATH}/CocoaLumberjack.framework",
				"${TARGET_BUILD_DIR}/${FRAMEWORKS_FOLDER_PATH}/FSPagerView.framework",
				"${TARGET_BUILD_DIR}/${FRAMEWORKS_FOLDER_PATH}/IQKeyboardManager.framework",
				"${TARGET_BUILD_DIR}/${FRAMEWORKS_FOLDER_PATH}/Kingfisher.framework",
				"${TARGET_BUILD_DIR}/${FRAMEWORKS_FOLDER_PATH}/MJRefresh.framework",
				"${TARGET_BUILD_DIR}/${FRAMEWORKS_FOLDER_PATH}/MZTimerLabel.framework",
				"${TARGET_BUILD_DIR}/${FRAMEWORKS_FOLDER_PATH}/Moya.framework",
				"${TARGET_BUILD_DIR}/${FRAMEWORKS_FOLDER_PATH}/Result.framework",
				"${TARGET_BUILD_DIR}/${FRAMEWORKS_FOLDER_PATH}/SVGKit.framework",
				"${TARGET_BUILD_DIR}/${FRAMEWORKS_FOLDER_PATH}/SVProgressHUD.framework",
				"${TARGET_BUILD_DIR}/${FRAMEWORKS_FOLDER_PATH}/SwiftyJSON.framework",
			);
			runOnlyForDeploymentPostprocessing = 0;
			shellPath = /bin/sh;
			shellScript = "\"${SRCROOT}/Pods/Target Support Files/Pods-NewApp/Pods-NewApp-frameworks.sh\"\n";
			showEnvVarsInLog = 0;
		};
/* End PBXShellScriptBuildPhase section */

/* Begin PBXSourcesBuildPhase section */
		BBD71AC42254837400B3EB8B /* Sources */ = {
			isa = PBXSourcesBuildPhase;
			buildActionMask = 2147483647;
			files = (
				BBD71B1B2254933000B3EB8B /* NetWorkManager.swift in Sources */,
				BB2E5FA32259D4900008F314 /* ResetPasswordVC.swift in Sources */,
				BBD71B172254933000B3EB8B /* UIFont+Extension.swift in Sources */,
				BBD71B1A2254933000B3EB8B /* CustomUI.swift in Sources */,
				BB2E5FA52259E97E0008F314 /* HomeListHeaderView.swift in Sources */,
				BB2E5F9A2255F6FE0008F314 /* UIButton+Extension.swift in Sources */,
				BB2E5FAE225C767D0008F314 /* RechargeAlertView.swift in Sources */,
				BBD71B5A22559F0500B3EB8B /* LoginMainVC.swift in Sources */,
				BBD71B3C2254C2AB00B3EB8B /* UIImage+Extension.swift in Sources */,
				BB2E5F962255E4640008F314 /* LoginModel.swift in Sources */,
				BBD71B182254933000B3EB8B /* UIView+Extension.swift in Sources */,
				BBD71B2F2254B7DD00B3EB8B /* UserMainVC.swift in Sources */,
				BB2E5FAC225C4BE70008F314 /* HomeUserRulesVC.swift in Sources */,
				BBD71B2D2254B7CB00B3EB8B /* HomeMainVC.swift in Sources */,
				BBD71B04225491D700B3EB8B /* BaseControllers.swift in Sources */,
				BBD71B03225491D700B3EB8B /* BaseTabbar.swift in Sources */,
				BBD71B392254B84500B3EB8B /* BoardMainVC.swift in Sources */,
				BBC552A5225CB5A200F2D515 /* HomeConvertVC.swift in Sources */,
				BBD71B1F22549D6800B3EB8B /* NetWork.swift in Sources */,
				BBC552A3225CAA8600F2D515 /* UserInfoManager.swift in Sources */,
				BBD71B1D2254933000B3EB8B /* CustomAlertVC.swift in Sources */,
				BBD71B312254B7FA00B3EB8B /* ResultMainVC.swift in Sources */,
				BBC552A9225CB6AF00F2D515 /* HomeInviteVC.swift in Sources */,
				BB2E5F9F2259D0690008F314 /* UserProtocolVC.swift in Sources */,
				BBD71B192254933000B3EB8B /* Foundation+Extension.swift in Sources */,
				BBD71B1C2254933000B3EB8B /* ConstantDefine.swift in Sources */,
				BB2E5FA8225AE0740008F314 /* SwipeMenuView.swift in Sources */,
				BBC552A1225CA94600F2D515 /* UserInfoModel.swift in Sources */,
				BBD71B05225491D700B3EB8B /* AppDelegate+Extension.swift in Sources */,
				BB2E5FA12259D1190008F314 /* FindPasswordVC.swift in Sources */,
				BB2E5FAA225B411B0008F314 /* HomeModel.swift in Sources */,
				BB2E5F982255F0840008F314 /* RegisterVC.swift in Sources */,
				BBC552A7225CB62C00F2D515 /* HomeRedenvelopeVC.swift in Sources */,
				BBD71B07225491D700B3EB8B /* AppDelegate.swift in Sources */,
			);
			runOnlyForDeploymentPostprocessing = 0;
		};
		BBD71AD82254838400B3EB8B /* Sources */ = {
			isa = PBXSourcesBuildPhase;
			buildActionMask = 2147483647;
			files = (
				BBD71AE12254838400B3EB8B /* NewAppTests.swift in Sources */,
			);
			runOnlyForDeploymentPostprocessing = 0;
		};
		BBD71AE32254838400B3EB8B /* Sources */ = {
			isa = PBXSourcesBuildPhase;
			buildActionMask = 2147483647;
			files = (
				BBD71AEC2254838400B3EB8B /* NewAppUITests.swift in Sources */,
			);
			runOnlyForDeploymentPostprocessing = 0;
		};
/* End PBXSourcesBuildPhase section */

/* Begin PBXTargetDependency section */
		BBD71ADE2254838400B3EB8B /* PBXTargetDependency */ = {
			isa = PBXTargetDependency;
			target = BBD71AC72254837400B3EB8B /* NewApp */;
			targetProxy = BBD71ADD2254838400B3EB8B /* PBXContainerItemProxy */;
		};
		BBD71AE92254838400B3EB8B /* PBXTargetDependency */ = {
			isa = PBXTargetDependency;
			target = BBD71AC72254837400B3EB8B /* NewApp */;
			targetProxy = BBD71AE82254838400B3EB8B /* PBXContainerItemProxy */;
		};
/* End PBXTargetDependency section */

/* Begin PBXVariantGroup section */
		BBD71ACF2254837500B3EB8B /* Main.storyboard */ = {
			isa = PBXVariantGroup;
			children = (
				BBD71AD02254837500B3EB8B /* Base */,
			);
			name = Main.storyboard;
			sourceTree = "<group>";
		};
		BBD71AD42254838400B3EB8B /* LaunchScreen.storyboard */ = {
			isa = PBXVariantGroup;
			children = (
				BBD71AD52254838400B3EB8B /* Base */,
			);
			name = LaunchScreen.storyboard;
			sourceTree = "<group>";
		};
/* End PBXVariantGroup section */

/* Begin XCBuildConfiguration section */
		BBD71AEE2254838400B3EB8B /* Debug */ = {
			isa = XCBuildConfiguration;
			buildSettings = {
				ALWAYS_SEARCH_USER_PATHS = NO;
				CLANG_ANALYZER_NONNULL = YES;
				CLANG_ANALYZER_NUMBER_OBJECT_CONVERSION = YES_AGGRESSIVE;
				CLANG_CXX_LANGUAGE_STANDARD = "gnu++14";
				CLANG_CXX_LIBRARY = "libc++";
				CLANG_ENABLE_MODULES = YES;
				CLANG_ENABLE_OBJC_ARC = YES;
				CLANG_ENABLE_OBJC_WEAK = YES;
				CLANG_WARN_BLOCK_CAPTURE_AUTORELEASING = YES;
				CLANG_WARN_BOOL_CONVERSION = YES;
				CLANG_WARN_COMMA = YES;
				CLANG_WARN_CONSTANT_CONVERSION = YES;
				CLANG_WARN_DEPRECATED_OBJC_IMPLEMENTATIONS = YES;
				CLANG_WARN_DIRECT_OBJC_ISA_USAGE = YES_ERROR;
				CLANG_WARN_DOCUMENTATION_COMMENTS = YES;
				CLANG_WARN_EMPTY_BODY = YES;
				CLANG_WARN_ENUM_CONVERSION = YES;
				CLANG_WARN_INFINITE_RECURSION = YES;
				CLANG_WARN_INT_CONVERSION = YES;
				CLANG_WARN_NON_LITERAL_NULL_CONVERSION = YES;
				CLANG_WARN_OBJC_IMPLICIT_RETAIN_SELF = YES;
				CLANG_WARN_OBJC_LITERAL_CONVERSION = YES;
				CLANG_WARN_OBJC_ROOT_CLASS = YES_ERROR;
				CLANG_WARN_RANGE_LOOP_ANALYSIS = YES;
				CLANG_WARN_STRICT_PROTOTYPES = YES;
				CLANG_WARN_SUSPICIOUS_MOVE = YES;
				CLANG_WARN_UNGUARDED_AVAILABILITY = YES_AGGRESSIVE;
				CLANG_WARN_UNREACHABLE_CODE = YES;
				CLANG_WARN__DUPLICATE_METHOD_MATCH = YES;
				CODE_SIGN_IDENTITY = "iPhone Developer";
				COPY_PHASE_STRIP = NO;
				DEBUG_INFORMATION_FORMAT = dwarf;
				ENABLE_STRICT_OBJC_MSGSEND = YES;
				ENABLE_TESTABILITY = YES;
				GCC_C_LANGUAGE_STANDARD = gnu11;
				GCC_DYNAMIC_NO_PIC = NO;
				GCC_NO_COMMON_BLOCKS = YES;
				GCC_OPTIMIZATION_LEVEL = 0;
				GCC_PREPROCESSOR_DEFINITIONS = (
					"DEBUG=1",
					"$(inherited)",
				);
				GCC_WARN_64_TO_32_BIT_CONVERSION = YES;
				GCC_WARN_ABOUT_RETURN_TYPE = YES_ERROR;
				GCC_WARN_UNDECLARED_SELECTOR = YES;
				GCC_WARN_UNINITIALIZED_AUTOS = YES_AGGRESSIVE;
				GCC_WARN_UNUSED_FUNCTION = YES;
				GCC_WARN_UNUSED_VARIABLE = YES;
				IPHONEOS_DEPLOYMENT_TARGET = 12.0;
				MTL_ENABLE_DEBUG_INFO = INCLUDE_SOURCE;
				MTL_FAST_MATH = YES;
				ONLY_ACTIVE_ARCH = YES;
				SDKROOT = iphoneos;
				SWIFT_ACTIVE_COMPILATION_CONDITIONS = DEBUG;
				SWIFT_OPTIMIZATION_LEVEL = "-Onone";
			};
			name = Debug;
		};
		BBD71AEF2254838400B3EB8B /* Release */ = {
			isa = XCBuildConfiguration;
			buildSettings = {
				ALWAYS_SEARCH_USER_PATHS = NO;
				CLANG_ANALYZER_NONNULL = YES;
				CLANG_ANALYZER_NUMBER_OBJECT_CONVERSION = YES_AGGRESSIVE;
				CLANG_CXX_LANGUAGE_STANDARD = "gnu++14";
				CLANG_CXX_LIBRARY = "libc++";
				CLANG_ENABLE_MODULES = YES;
				CLANG_ENABLE_OBJC_ARC = YES;
				CLANG_ENABLE_OBJC_WEAK = YES;
				CLANG_WARN_BLOCK_CAPTURE_AUTORELEASING = YES;
				CLANG_WARN_BOOL_CONVERSION = YES;
				CLANG_WARN_COMMA = YES;
				CLANG_WARN_CONSTANT_CONVERSION = YES;
				CLANG_WARN_DEPRECATED_OBJC_IMPLEMENTATIONS = YES;
				CLANG_WARN_DIRECT_OBJC_ISA_USAGE = YES_ERROR;
				CLANG_WARN_DOCUMENTATION_COMMENTS = YES;
				CLANG_WARN_EMPTY_BODY = YES;
				CLANG_WARN_ENUM_CONVERSION = YES;
				CLANG_WARN_INFINITE_RECURSION = YES;
				CLANG_WARN_INT_CONVERSION = YES;
				CLANG_WARN_NON_LITERAL_NULL_CONVERSION = YES;
				CLANG_WARN_OBJC_IMPLICIT_RETAIN_SELF = YES;
				CLANG_WARN_OBJC_LITERAL_CONVERSION = YES;
				CLANG_WARN_OBJC_ROOT_CLASS = YES_ERROR;
				CLANG_WARN_RANGE_LOOP_ANALYSIS = YES;
				CLANG_WARN_STRICT_PROTOTYPES = YES;
				CLANG_WARN_SUSPICIOUS_MOVE = YES;
				CLANG_WARN_UNGUARDED_AVAILABILITY = YES_AGGRESSIVE;
				CLANG_WARN_UNREACHABLE_CODE = YES;
				CLANG_WARN__DUPLICATE_METHOD_MATCH = YES;
				CODE_SIGN_IDENTITY = "iPhone Developer";
				COPY_PHASE_STRIP = NO;
				DEBUG_INFORMATION_FORMAT = "dwarf-with-dsym";
				ENABLE_NS_ASSERTIONS = NO;
				ENABLE_STRICT_OBJC_MSGSEND = YES;
				GCC_C_LANGUAGE_STANDARD = gnu11;
				GCC_NO_COMMON_BLOCKS = YES;
				GCC_WARN_64_TO_32_BIT_CONVERSION = YES;
				GCC_WARN_ABOUT_RETURN_TYPE = YES_ERROR;
				GCC_WARN_UNDECLARED_SELECTOR = YES;
				GCC_WARN_UNINITIALIZED_AUTOS = YES_AGGRESSIVE;
				GCC_WARN_UNUSED_FUNCTION = YES;
				GCC_WARN_UNUSED_VARIABLE = YES;
				IPHONEOS_DEPLOYMENT_TARGET = 12.0;
				MTL_ENABLE_DEBUG_INFO = NO;
				MTL_FAST_MATH = YES;
				SDKROOT = iphoneos;
				SWIFT_COMPILATION_MODE = wholemodule;
				SWIFT_OPTIMIZATION_LEVEL = "-O";
				VALIDATE_PRODUCT = YES;
			};
			name = Release;
		};
		BBD71AF12254838400B3EB8B /* Debug */ = {
			isa = XCBuildConfiguration;
			baseConfigurationReference = E417648B3D8853FB2D3F2ED9 /* Pods-NewApp.debug.xcconfig */;
			buildSettings = {
				ASSETCATALOG_COMPILER_APPICON_NAME = AppIcon;
				CODE_SIGN_STYLE = Automatic;
				DEVELOPMENT_TEAM = 8H7AKZ9BZZ;
				INFOPLIST_FILE = NewApp/Info.plist;
				IPHONEOS_DEPLOYMENT_TARGET = 9.0;
				LD_RUNPATH_SEARCH_PATHS = (
					"$(inherited)",
					"@executable_path/Frameworks",
				);
				PRODUCT_BUNDLE_IDENTIFIER = com.wangbing.NewApp;
				PRODUCT_NAME = "$(TARGET_NAME)";
				SWIFT_OBJC_BRIDGING_HEADER = /Users/weijiemac/Desktop/NewApp/NewApp/NewApp/Tools/NewApp_Header_Bridge.h;
				SWIFT_VERSION = 4.2;
				TARGETED_DEVICE_FAMILY = 1;
			};
			name = Debug;
		};
		BBD71AF22254838400B3EB8B /* Release */ = {
			isa = XCBuildConfiguration;
			baseConfigurationReference = D9969C6CA737C1451B39072C /* Pods-NewApp.release.xcconfig */;
			buildSettings = {
				ASSETCATALOG_COMPILER_APPICON_NAME = AppIcon;
				CODE_SIGN_STYLE = Automatic;
				DEVELOPMENT_TEAM = 8H7AKZ9BZZ;
				INFOPLIST_FILE = NewApp/Info.plist;
				IPHONEOS_DEPLOYMENT_TARGET = 9.0;
				LD_RUNPATH_SEARCH_PATHS = (
					"$(inherited)",
					"@executable_path/Frameworks",
				);
				PRODUCT_BUNDLE_IDENTIFIER = com.wangbing.NewApp;
				PRODUCT_NAME = "$(TARGET_NAME)";
				SWIFT_OBJC_BRIDGING_HEADER = /Users/weijiemac/Desktop/NewApp/NewApp/NewApp/Tools/NewApp_Header_Bridge.h;
				SWIFT_VERSION = 4.2;
				TARGETED_DEVICE_FAMILY = 1;
			};
			name = Release;
		};
		BBD71AF42254838400B3EB8B /* Debug */ = {
			isa = XCBuildConfiguration;
			buildSettings = {
				ALWAYS_EMBED_SWIFT_STANDARD_LIBRARIES = YES;
				BUNDLE_LOADER = "$(TEST_HOST)";
				CODE_SIGN_STYLE = Automatic;
				DEVELOPMENT_TEAM = K49KDU9947;
				INFOPLIST_FILE = NewAppTests/Info.plist;
				LD_RUNPATH_SEARCH_PATHS = (
					"$(inherited)",
					"@executable_path/Frameworks",
					"@loader_path/Frameworks",
				);
				PRODUCT_BUNDLE_IDENTIFIER = com.wangbing.NewAppTests;
				PRODUCT_NAME = "$(TARGET_NAME)";
				SWIFT_VERSION = 4.2;
				TARGETED_DEVICE_FAMILY = "1,2";
				TEST_HOST = "$(BUILT_PRODUCTS_DIR)/NewApp.app/NewApp";
			};
			name = Debug;
		};
		BBD71AF52254838400B3EB8B /* Release */ = {
			isa = XCBuildConfiguration;
			buildSettings = {
				ALWAYS_EMBED_SWIFT_STANDARD_LIBRARIES = YES;
				BUNDLE_LOADER = "$(TEST_HOST)";
				CODE_SIGN_STYLE = Automatic;
				DEVELOPMENT_TEAM = K49KDU9947;
				INFOPLIST_FILE = NewAppTests/Info.plist;
				LD_RUNPATH_SEARCH_PATHS = (
					"$(inherited)",
					"@executable_path/Frameworks",
					"@loader_path/Frameworks",
				);
				PRODUCT_BUNDLE_IDENTIFIER = com.wangbing.NewAppTests;
				PRODUCT_NAME = "$(TARGET_NAME)";
				SWIFT_VERSION = 4.2;
				TARGETED_DEVICE_FAMILY = "1,2";
				TEST_HOST = "$(BUILT_PRODUCTS_DIR)/NewApp.app/NewApp";
			};
			name = Release;
		};
		BBD71AF72254838400B3EB8B /* Debug */ = {
			isa = XCBuildConfiguration;
			buildSettings = {
				ALWAYS_EMBED_SWIFT_STANDARD_LIBRARIES = YES;
				CODE_SIGN_STYLE = Automatic;
				DEVELOPMENT_TEAM = K49KDU9947;
				INFOPLIST_FILE = NewAppUITests/Info.plist;
				LD_RUNPATH_SEARCH_PATHS = (
					"$(inherited)",
					"@executable_path/Frameworks",
					"@loader_path/Frameworks",
				);
				PRODUCT_BUNDLE_IDENTIFIER = com.wangbing.NewAppUITests;
				PRODUCT_NAME = "$(TARGET_NAME)";
				SWIFT_VERSION = 4.2;
				TARGETED_DEVICE_FAMILY = "1,2";
				TEST_TARGET_NAME = NewApp;
			};
			name = Debug;
		};
		BBD71AF82254838400B3EB8B /* Release */ = {
			isa = XCBuildConfiguration;
			buildSettings = {
				ALWAYS_EMBED_SWIFT_STANDARD_LIBRARIES = YES;
				CODE_SIGN_STYLE = Automatic;
				DEVELOPMENT_TEAM = K49KDU9947;
				INFOPLIST_FILE = NewAppUITests/Info.plist;
				LD_RUNPATH_SEARCH_PATHS = (
					"$(inherited)",
					"@executable_path/Frameworks",
					"@loader_path/Frameworks",
				);
				PRODUCT_BUNDLE_IDENTIFIER = com.wangbing.NewAppUITests;
				PRODUCT_NAME = "$(TARGET_NAME)";
				SWIFT_VERSION = 4.2;
				TARGETED_DEVICE_FAMILY = "1,2";
				TEST_TARGET_NAME = NewApp;
			};
			name = Release;
		};
/* End XCBuildConfiguration section */

/* Begin XCConfigurationList section */
		BBD71AC32254837400B3EB8B /* Build configuration list for PBXProject "NewApp" */ = {
			isa = XCConfigurationList;
			buildConfigurations = (
				BBD71AEE2254838400B3EB8B /* Debug */,
				BBD71AEF2254838400B3EB8B /* Release */,
			);
			defaultConfigurationIsVisible = 0;
			defaultConfigurationName = Release;
		};
		BBD71AF02254838400B3EB8B /* Build configuration list for PBXNativeTarget "NewApp" */ = {
			isa = XCConfigurationList;
			buildConfigurations = (
				BBD71AF12254838400B3EB8B /* Debug */,
				BBD71AF22254838400B3EB8B /* Release */,
			);
			defaultConfigurationIsVisible = 0;
			defaultConfigurationName = Release;
		};
		BBD71AF32254838400B3EB8B /* Build configuration list for PBXNativeTarget "NewAppTests" */ = {
			isa = XCConfigurationList;
			buildConfigurations = (
				BBD71AF42254838400B3EB8B /* Debug */,
				BBD71AF52254838400B3EB8B /* Release */,
			);
			defaultConfigurationIsVisible = 0;
			defaultConfigurationName = Release;
		};
		BBD71AF62254838400B3EB8B /* Build configuration list for PBXNativeTarget "NewAppUITests" */ = {
			isa = XCConfigurationList;
			buildConfigurations = (
				BBD71AF72254838400B3EB8B /* Debug */,
				BBD71AF82254838400B3EB8B /* Release */,
			);
			defaultConfigurationIsVisible = 0;
			defaultConfigurationName = Release;
		};
/* End XCConfigurationList section */
	};
	rootObject = BBD71AC02254837400B3EB8B /* Project object */;
}
